// !$*UTF8*$!
{
	archiveVersion = 1;
	classes = {
	};
	objectVersion = 46;
	objects = {

/* Begin PBXBuildFile section */
		770CB9031F649F9200BB09E6 /* BlindsView.h in Headers */ = {isa = PBXBuildFile; fileRef = 770CB9021F649F9200BB09E6 /* BlindsView.h */; };
		770CB9051F649F9200BB09E6 /* BlindsView.mm in Sources */ = {isa = PBXBuildFile; fileRef = 770CB9041F649F9200BB09E6 /* BlindsView.mm */; };
		770CB9111F64A70900BB09E6 /* ScreenSaver.framework in Frameworks */ = {isa = PBXBuildFile; fileRef = 770CB9101F64A70900BB09E6 /* ScreenSaver.framework */; };
		770CB9131F64A72F00BB09E6 /* AppKit.framework in Frameworks */ = {isa = PBXBuildFile; fileRef = 770CB9121F64A72F00BB09E6 /* AppKit.framework */; };
		77FF70DE1F65E1D1007FE5B8 /* Blinds.saver in CopyFiles */ = {isa = PBXBuildFile; fileRef = 770CB8FF1F649F9200BB09E6 /* Blinds.saver */; settings = {ATTRIBUTES = (CodeSignOnCopy, ); }; };
/* End PBXBuildFile section */

/* Begin PBXCopyFilesBuildPhase section */
		77FF70DD1F65E18D007FE5B8 /* CopyFiles */ = {
			isa = PBXCopyFilesBuildPhase;
			buildActionMask = 2147483647;
			dstPath = "~/Library/Screen Savers";
			dstSubfolderSpec = 0;
			files = (
				77FF70DE1F65E1D1007FE5B8 /* Blinds.saver in CopyFiles */,
			);
			runOnlyForDeploymentPostprocessing = 0;
		};
/* End PBXCopyFilesBuildPhase section */

/* Begin PBXFileReference section */
		770CB8FF1F649F9200BB09E6 /* Blinds.saver */ = {isa = PBXFileReference; explicitFileType = wrapper.cfbundle; includeInIndex = 0; path = Blinds.saver; sourceTree = BUILT_PRODUCTS_DIR; };
		770CB9021F649F9200BB09E6 /* BlindsView.h */ = {isa = PBXFileReference; lastKnownFileType = sourcecode.c.h; path = BlindsView.h; sourceTree = "<group>"; };
		770CB9041F649F9200BB09E6 /* BlindsView.mm */ = {isa = PBXFileReference; lastKnownFileType = sourcecode.cpp.objcpp; path = BlindsView.mm; sourceTree = "<group>"; };
		770CB9061F649F9200BB09E6 /* Info.plist */ = {isa = PBXFileReference; lastKnownFileType = text.plist.xml; path = Info.plist; sourceTree = "<group>"; };
		770CB9101F64A70900BB09E6 /* ScreenSaver.framework */ = {isa = PBXFileReference; lastKnownFileType = wrapper.framework; name = ScreenSaver.framework; path = System/Library/Frameworks/ScreenSaver.framework; sourceTree = SDKROOT; };
		770CB9121F64A72F00BB09E6 /* AppKit.framework */ = {isa = PBXFileReference; lastKnownFileType = wrapper.framework; name = AppKit.framework; path = System/Library/Frameworks/AppKit.framework; sourceTree = SDKROOT; };
/* End PBXFileReference section */

/* Begin PBXFrameworksBuildPhase section */
		770CB8FB1F649F9200BB09E6 /* Frameworks */ = {
			isa = PBXFrameworksBuildPhase;
			buildActionMask = 2147483647;
			files = (
				770CB9131F64A72F00BB09E6 /* AppKit.framework in Frameworks */,
				770CB9111F64A70900BB09E6 /* ScreenSaver.framework in Frameworks */,
			);
			runOnlyForDeploymentPostprocessing = 0;
		};
/* End PBXFrameworksBuildPhase section */

/* Begin PBXGroup section */
		770CB8F51F649F9200BB09E6 = {
			isa = PBXGroup;
			children = (
				770CB9011F649F9200BB09E6 /* Blinds */,
				770CB9001F649F9200BB09E6 /* Products */,
				770CB90F1F64A70900BB09E6 /* Frameworks */,
			);
			sourceTree = "<group>";
		};
		770CB9001F649F9200BB09E6 /* Products */ = {
			isa = PBXGroup;
			children = (
				770CB8FF1F649F9200BB09E6 /* Blinds.saver */,
			);
			name = Products;
			sourceTree = "<group>";
		};
		770CB9011F649F9200BB09E6 /* Blinds */ = {
			isa = PBXGroup;
			children = (
				770CB9021F649F9200BB09E6 /* BlindsView.h */,
				770CB9041F649F9200BB09E6 /* BlindsView.mm */,
				770CB9061F649F9200BB09E6 /* Info.plist */,
			);
			path = Blinds;
			sourceTree = "<group>";
		};
		770CB90F1F64A70900BB09E6 /* Frameworks */ = {
			isa = PBXGroup;
			children = (
				770CB9121F64A72F00BB09E6 /* AppKit.framework */,
				770CB9101F64A70900BB09E6 /* ScreenSaver.framework */,
			);
			name = Frameworks;
			sourceTree = "<group>";
		};
/* End PBXGroup section */

/* Begin PBXHeadersBuildPhase section */
		770CB8FC1F649F9200BB09E6 /* Headers */ = {
			isa = PBXHeadersBuildPhase;
			buildActionMask = 2147483647;
			files = (
				770CB9031F649F9200BB09E6 /* BlindsView.h in Headers */,
			);
			runOnlyForDeploymentPostprocessing = 0;
		};
/* End PBXHeadersBuildPhase section */

/* Begin PBXNativeTarget section */
		770CB8FE1F649F9200BB09E6 /* Blinds */ = {
			isa = PBXNativeTarget;
			buildConfigurationList = 770CB9091F649F9200BB09E6 /* Build configuration list for PBXNativeTarget "Blinds" */;
			buildPhases = (
				770CB8FA1F649F9200BB09E6 /* Sources */,
				770CB8FB1F649F9200BB09E6 /* Frameworks */,
				770CB8FC1F649F9200BB09E6 /* Headers */,
				770CB8FD1F649F9200BB09E6 /* Resources */,
				77FF70DD1F65E18D007FE5B8 /* CopyFiles */,
			);
			buildRules = (
			);
			dependencies = (
			);
			name = Blinds;
			productName = Blinds;
			productReference = 770CB8FF1F649F9200BB09E6 /* Blinds.saver */;
			productType = "com.apple.product-type.bundle";
		};
/* End PBXNativeTarget section */

/* Begin PBXProject section */
		770CB8F61F649F9200BB09E6 /* Project object */ = {
			isa = PBXProject;
			attributes = {
				LastUpgradeCheck = 0830;
				ORGANIZATIONNAME = compartmental;
				TargetAttributes = {
					770CB8FE1F649F9200BB09E6 = {
						CreatedOnToolsVersion = 8.3.3;
						DevelopmentTeam = 8245ZD8MCW;
						ProvisioningStyle = Automatic;
					};
				};
			};
			buildConfigurationList = 770CB8F91F649F9200BB09E6 /* Build configuration list for PBXProject "Blinds" */;
			compatibilityVersion = "Xcode 3.2";
			developmentRegion = English;
			hasScannedForEncodings = 0;
			knownRegions = (
				en,
			);
			mainGroup = 770CB8F51F649F9200BB09E6;
			productRefGroup = 770CB9001F649F9200BB09E6 /* Products */;
			projectDirPath = "";
			projectRoot = "";
			targets = (
				770CB8FE1F649F9200BB09E6 /* Blinds */,
			);
		};
/* End PBXProject section */

/* Begin PBXResourcesBuildPhase section */
		770CB8FD1F649F9200BB09E6 /* Resources */ = {
			isa = PBXResourcesBuildPhase;
			buildActionMask = 2147483647;
			files = (
			);
			runOnlyForDeploymentPostprocessing = 0;
		};
/* End PBXResourcesBuildPhase section */

/* Begin PBXSourcesBuildPhase section */
		770CB8FA1F649F9200BB09E6 /* Sources */ = {
			isa = PBXSourcesBuildPhase;
			buildActionMask = 2147483647;
			files = (
				770CB9051F649F9200BB09E6 /* BlindsView.mm in Sources */,
			);
			runOnlyForDeploymentPostprocessing = 0;
		};
/* End PBXSourcesBuildPhase section */

/* Begin XCBuildConfiguration section */
		770CB9071F649F9200BB09E6 /* Debug */ = {
			isa = XCBuildConfiguration;
			buildSettings = {
				ALWAYS_SEARCH_USER_PATHS = NO;
				CLANG_ANALYZER_NONNULL = YES;
				CLANG_ANALYZER_NUMBER_OBJECT_CONVERSION = YES_AGGRESSIVE;
				CLANG_CXX_LANGUAGE_STANDARD = "gnu++0x";
				CLANG_CXX_LIBRARY = "libc++";
				CLANG_ENABLE_MODULES = YES;
				CLANG_ENABLE_OBJC_ARC = YES;
				CLANG_WARN_BOOL_CONVERSION = YES;
				CLANG_WARN_CONSTANT_CONVERSION = YES;
				CLANG_WARN_DIRECT_OBJC_ISA_USAGE = YES_ERROR;
				CLANG_WARN_DOCUMENTATION_COMMENTS = YES;
				CLANG_WARN_EMPTY_BODY = YES;
				CLANG_WARN_ENUM_CONVERSION = YES;
				CLANG_WARN_INFINITE_RECURSION = YES;
				CLANG_WARN_INT_CONVERSION = YES;
				CLANG_WARN_OBJC_ROOT_CLASS = YES_ERROR;
				CLANG_WARN_SUSPICIOUS_MOVE = YES;
				CLANG_WARN_UNREACHABLE_CODE = YES;
				CLANG_WARN__DUPLICATE_METHOD_MATCH = YES;
				CODE_SIGN_IDENTITY = "-";
				COPY_PHASE_STRIP = NO;
				DEBUG_INFORMATION_FORMAT = dwarf;
				ENABLE_STRICT_OBJC_MSGSEND = YES;
				ENABLE_TESTABILITY = YES;
				GCC_C_LANGUAGE_STANDARD = gnu99;
				GCC_DYNAMIC_NO_PIC = NO;
				GCC_NO_COMMON_BLOCKS = YES;
				GCC_OPTIMIZATION_LEVEL = 0;
				GCC_PREPROCESSOR_DEFINITIONS = (
					"DEBUG=1",
					"$(inherited)",
				);
				GCC_WARN_64_TO_32_BIT_CONVERSION = YES;
				GCC_WARN_ABOUT_RETURN_TYPE = YES_ERROR;
				GCC_WARN_UNDECLARED_SELECTOR = YES;
				GCC_WARN_UNINITIALIZED_AUTOS = YES_AGGRESSIVE;
				GCC_WARN_UNUSED_FUNCTION = YES;
				GCC_WARN_UNUSED_VARIABLE = YES;
				MACOSX_DEPLOYMENT_TARGET = 10.12;
				MTL_ENABLE_DEBUG_INFO = YES;
				ONLY_ACTIVE_ARCH = YES;
				SDKROOT = macosx;
			};
			name = Debug;
		};
		770CB9081F649F9200BB09E6 /* Release */ = {
			isa = XCBuildConfiguration;
			buildSettings = {
				ALWAYS_SEARCH_USER_PATHS = NO;
				CLANG_ANALYZER_NONNULL = YES;
				CLANG_ANALYZER_NUMBER_OBJECT_CONVERSION = YES_AGGRESSIVE;
				CLANG_CXX_LANGUAGE_STANDARD = "gnu++0x";
				CLANG_CXX_LIBRARY = "libc++";
				CLANG_ENABLE_MODULES = YES;
				CLANG_ENABLE_OBJC_ARC = YES;
				CLANG_WARN_BOOL_CONVERSION = YES;
				CLANG_WARN_CONSTANT_CONVERSION = YES;
				CLANG_WARN_DIRECT_OBJC_ISA_USAGE = YES_ERROR;
				CLANG_WARN_DOCUMENTATION_COMMENTS = YES;
				CLANG_WARN_EMPTY_BODY = YES;
				CLANG_WARN_ENUM_CONVERSION = YES;
				CLANG_WARN_INFINITE_RECURSION = YES;
				CLANG_WARN_INT_CONVERSION = YES;
				CLANG_WARN_OBJC_ROOT_CLASS = YES_ERROR;
				CLANG_WARN_SUSPICIOUS_MOVE = YES;
				CLANG_WARN_UNREACHABLE_CODE = YES;
				CLANG_WARN__DUPLICATE_METHOD_MATCH = YES;
				CODE_SIGN_IDENTITY = "-";
				COPY_PHASE_STRIP = NO;
				DEBUG_INFORMATION_FORMAT = "dwarf-with-dsym";
				ENABLE_NS_ASSERTIONS = NO;
				ENABLE_STRICT_OBJC_MSGSEND = YES;
				GCC_C_LANGUAGE_STANDARD = gnu99;
				GCC_NO_COMMON_BLOCKS = YES;
				GCC_WARN_64_TO_32_BIT_CONVERSION = YES;
				GCC_WARN_ABOUT_RETURN_TYPE = YES_ERROR;
				GCC_WARN_UNDECLARED_SELECTOR = YES;
				GCC_WARN_UNINITIALIZED_AUTOS = YES_AGGRESSIVE;
				GCC_WARN_UNUSED_FUNCTION = YES;
				GCC_WARN_UNUSED_VARIABLE = YES;
				MACOSX_DEPLOYMENT_TARGET = 10.12;
				MTL_ENABLE_DEBUG_INFO = NO;
				SDKROOT = macosx;
			};
			name = Release;
		};
		770CB90A1F649F9200BB09E6 /* Debug */ = {
			isa = XCBuildConfiguration;
			buildSettings = {
				COMBINE_HIDPI_IMAGES = YES;
				DEVELOPMENT_TEAM = 8245ZD8MCW;
				INFOPLIST_FILE = Blinds/Info.plist;
				INSTALL_PATH = "$(HOME)/Library/Screen Savers";
				PRODUCT_BUNDLE_IDENTIFIER = net.compartmental.Blinds;
				PRODUCT_NAME = "$(TARGET_NAME)";
				WRAPPER_EXTENSION = saver;
			};
			name = Debug;
		};
		770CB90B1F649F9200BB09E6 /* Release */ = {
			isa = XCBuildConfiguration;
			buildSettings = {
				COMBINE_HIDPI_IMAGES = YES;
				DEVELOPMENT_TEAM = 8245ZD8MCW;
				INFOPLIST_FILE = Blinds/Info.plist;
				INSTALL_PATH = "$(HOME)/Library/Screen Savers";
				PRODUCT_BUNDLE_IDENTIFIER = net.compartmental.Blinds;
				PRODUCT_NAME = "$(TARGET_NAME)";
				WRAPPER_EXTENSION = saver;
			};
			name = Release;
		};
/* End XCBuildConfiguration section */

/* Begin XCConfigurationList section */
		770CB8F91F649F9200BB09E6 /* Build configuration list for PBXProject "Blinds" */ = {
			isa = XCConfigurationList;
			buildConfigurations = (
				770CB9071F649F9200BB09E6 /* Debug */,
				770CB9081F649F9200BB09E6 /* Release */,
			);
			defaultConfigurationIsVisible = 0;
			defaultConfigurationName = Release;
		};
		770CB9091F649F9200BB09E6 /* Build configuration list for PBXNativeTarget "Blinds" */ = {
			isa = XCConfigurationList;
			buildConfigurations = (
				770CB90A1F649F9200BB09E6 /* Debug */,
				770CB90B1F649F9200BB09E6 /* Release */,
			);
			defaultConfigurationIsVisible = 0;
			defaultConfigurationName = Release;
		};
/* End XCConfigurationList section */
	};
	rootObject = 770CB8F61F649F9200BB09E6 /* Project object */;
}
